
Microsoft Visual Studio Solution File, Format Version 12.00
# Visual Studio Version 16
VisualStudioVersion = 16.0.30204.135
MinimumVisualStudioVersion = 10.0.40219.1
Project("{2150E333-8FDC-42A3-9474-1A3956D46DE8}") = "Tests", "Tests", "{AD5041AC-C96B-42F8-BC8C-BFFD2090B364}"
EndProject
Project("{9A19103F-16F7-4668-BE54-9A1E7A4F7556}") = "StbImageSharp", "src\StbImageSharp.csproj", "{A0123FC9-6FB4-448D-94D1-84433B317FAB}"
EndProject
Project("{8BC9CEB8-8B4A-11D0-8D11-00A0C91BC942}") = "Stb.Native", "tests\Stb.Native\Stb.Native.vcxproj", "{EA7B8121-942A-437D-85D5-E4D55B94E88A}"
EndProject
Project("{9A19103F-16F7-4668-BE54-9A1E7A4F7556}") = "StbImageSharp.Testing", "tests\StbImageSharp.Testing\StbImageSharp.Testing.csproj", "{4295DB99-F5C5-4D33-84DA-02AA2CA141B6}"
EndProject
Global
	GlobalSection(SolutionConfigurationPlatforms) = preSolution
		Debug|x64 = Debug|x64
		Release|x64 = Release|x64
	EndGlobalSection
	GlobalSection(ProjectConfigurationPlatforms) = postSolution
		{A0123FC9-6FB4-448D-94D1-84433B317FAB}.Debug|x64.ActiveCfg = Debug|x64
		{A0123FC9-6FB4-448D-94D1-84433B317FAB}.Debug|x64.Build.0 = Debug|x64
		{A0123FC9-6FB4-448D-94D1-84433B317FAB}.Release|x64.ActiveCfg = Release|x64
		{A0123FC9-6FB4-448D-94D1-84433B317FAB}.Release|x64.Build.0 = Release|x64
		{EA7B8121-942A-437D-85D5-E4D55B94E88A}.Debug|x64.ActiveCfg = Debug|x64
		{EA7B8121-942A-437D-85D5-E4D55B94E88A}.Debug|x64.Build.0 = Debug|x64
		{EA7B8121-942A-437D-85D5-E4D55B94E88A}.Release|x64.ActiveCfg = Release|x64
		{EA7B8121-942A-437D-85D5-E4D55B94E88A}.Release|x64.Build.0 = Release|x64
		{4295DB99-F5C5-4D33-84DA-02AA2CA141B6}.Debug|x64.ActiveCfg = Debug|x64
		{4295DB99-F5C5-4D33-84DA-02AA2CA141B6}.Debug|x64.Build.0 = Debug|x64
		{4295DB99-F5C5-4D33-84DA-02AA2CA141B6}.Release|x64.ActiveCfg = Release|x64
		{4295DB99-F5C5-4D33-84DA-02AA2CA141B6}.Release|x64.Build.0 = Release|x64
	EndGlobalSection
	GlobalSection(SolutionProperties) = preSolution
		HideSolutionNode = FALSE
	EndGlobalSection
	GlobalSection(NestedProjects) = preSolution
		{EA7B8121-942A-437D-85D5-E4D55B94E88A} = {AD5041AC-C96B-42F8-BC8C-BFFD2090B364}
		{4295DB99-F5C5-4D33-84DA-02AA2CA141B6} = {AD5041AC-C96B-42F8-BC8C-BFFD2090B364}
	EndGlobalSection
	GlobalSection(ExtensibilityGlobals) = postSolution
		SolutionGuid = {C9C812E7-F89A-4B6E-8F9D-981D5F8BBAB3}
	EndGlobalSection
EndGlobal
